
Microsoft Visual Studio Solution File, Format Version 12.00
# Visual Studio Version 16
VisualStudioVersion = 16.0.31729.503
MinimumVisualStudioVersion = 10.0.40219.1
Project("{9A19103F-16F7-4668-BE54-9A1E7A4F7556}") = "Unit Test", "Unit Test.csproj", "{667CBE79-8D56-4997-9A19-6884850048ED}"
EndProject
Project("{FAE04EC0-301F-11D3-BF4B-00C04F79EFBC}") = "CharacterBuilder", "..\CharacterBuilder\CharacterBuilder.csproj", "{41F5FB23-09C3-49A3-8ABD-E4120B7AEDD8}"
EndProject
Global
	GlobalSection(SolutionConfigurationPlatforms) = preSolution
		Debug|Any CPU = Debug|Any CPU
		Release|Any CPU = Release|Any CPU
	EndGlobalSection
	GlobalSection(ProjectConfigurationPlatforms) = postSolution
		{667CBE79-8D56-4997-9A19-6884850048ED}.Debug|Any CPU.ActiveCfg = Debug|Any CPU
		{667CBE79-8D56-4997-9A19-6884850048ED}.Debug|Any CPU.Build.0 = Debug|Any CPU
		{667CBE79-8D56-4997-9A19-6884850048ED}.Release|Any CPU.ActiveCfg = Release|Any CPU
		{667CBE79-8D56-4997-9A19-6884850048ED}.Release|Any CPU.Build.0 = Release|Any CPU
		{41F5FB23-09C3-49A3-8ABD-E4120B7AEDD8}.Debug|Any CPU.ActiveCfg = Debug|Any CPU
		{41F5FB23-09C3-49A3-8ABD-E4120B7AEDD8}.Debug|Any CPU.Build.0 = Debug|Any CPU
		{41F5FB23-09C3-49A3-8ABD-E4120B7AEDD8}.Release|Any CPU.ActiveCfg = Release|Any CPU
		{41F5FB23-09C3-49A3-8ABD-E4120B7AEDD8}.Release|Any CPU.Build.0 = Release|Any CPU
	EndGlobalSection
	GlobalSection(SolutionProperties) = preSolution
		HideSolutionNode = FALSE
	EndGlobalSection
	GlobalSection(ExtensibilityGlobals) = postSolution
		SolutionGuid = {E2D083A7-9CE3-4A45-9D61-0BC89BF77581}
	EndGlobalSection
EndGlobal
