
Microsoft Visual Studio Solution File, Format Version 12.00
# Visual Studio Version 16
VisualStudioVersion = 16.0.31729.503
MinimumVisualStudioVersion = 10.0.40219.1
Project("{9A19103F-16F7-4668-BE54-9A1E7A4F7556}") = "CharacterBuilder", "CharacterBuilder\CharacterBuilder.csproj", "{BB6AB0FB-A31D-4B3A-9671-01BA14FFEECE}"
EndProject
Project("{9A19103F-16F7-4668-BE54-9A1E7A4F7556}") = "Unit Test", "RPG\Unit Test.csproj", "{EC2A20B7-3C85-4CC1-A165-D90BCC2988DB}"
EndProject
Global
	GlobalSection(SolutionConfigurationPlatforms) = preSolution
		Debug|Any CPU = Debug|Any CPU
		Release|Any CPU = Release|Any CPU
	EndGlobalSection
	GlobalSection(ProjectConfigurationPlatforms) = postSolution
		{BB6AB0FB-A31D-4B3A-9671-01BA14FFEECE}.Debug|Any CPU.ActiveCfg = Debug|Any CPU
		{BB6AB0FB-A31D-4B3A-9671-01BA14FFEECE}.Debug|Any CPU.Build.0 = Debug|Any CPU
		{BB6AB0FB-A31D-4B3A-9671-01BA14FFEECE}.Release|Any CPU.ActiveCfg = Release|Any CPU
		{BB6AB0FB-A31D-4B3A-9671-01BA14FFEECE}.Release|Any CPU.Build.0 = Release|Any CPU
		{EC2A20B7-3C85-4CC1-A165-D90BCC2988DB}.Debug|Any CPU.ActiveCfg = Debug|Any CPU
		{EC2A20B7-3C85-4CC1-A165-D90BCC2988DB}.Debug|Any CPU.Build.0 = Debug|Any CPU
		{EC2A20B7-3C85-4CC1-A165-D90BCC2988DB}.Release|Any CPU.ActiveCfg = Release|Any CPU
		{EC2A20B7-3C85-4CC1-A165-D90BCC2988DB}.Release|Any CPU.Build.0 = Release|Any CPU
	EndGlobalSection
	GlobalSection(SolutionProperties) = preSolution
		HideSolutionNode = FALSE
	EndGlobalSection
	GlobalSection(ExtensibilityGlobals) = postSolution
		SolutionGuid = {E2D083A7-9CE3-4A45-9D61-0BC89BF77581}
	EndGlobalSection
EndGlobal
